
Microsoft Visual Studio Solution File, Format Version 12.00
# Visual Studio Version 16
VisualStudioVersion = 16.0.29519.181
MinimumVisualStudioVersion = 10.0.40219.1
Project("{FAE04EC0-301F-11D3-BF4B-00C04F79EFBC}") = "Seyahat_Acentasi_Otomasyonu", "Seyahat_Acentasi_Otomasyonu\Seyahat_Acentasi_Otomasyonu.csproj", "{CED6237B-745A-493C-83CD-628A6F3C9DEE}"
EndProject
Global
	GlobalSection(SolutionConfigurationPlatforms) = preSolution
		Debug|Any CPU = Debug|Any CPU
		Release|Any CPU = Release|Any CPU
	EndGlobalSection
	GlobalSection(ProjectConfigurationPlatforms) = postSolution
		{CED6237B-745A-493C-83CD-628A6F3C9DEE}.Debug|Any CPU.ActiveCfg = Debug|Any CPU
		{CED6237B-745A-493C-83CD-628A6F3C9DEE}.Debug|Any CPU.Build.0 = Debug|Any CPU
		{CED6237B-745A-493C-83CD-628A6F3C9DEE}.Release|Any CPU.ActiveCfg = Release|Any CPU
		{CED6237B-745A-493C-83CD-628A6F3C9DEE}.Release|Any CPU.Build.0 = Release|Any CPU
	EndGlobalSection
	GlobalSection(SolutionProperties) = preSolution
		HideSolutionNode = FALSE
	EndGlobalSection
	GlobalSection(ExtensibilityGlobals) = postSolution
		SolutionGuid = {1CA8B60F-7FC3-4B15-98E0-B29FE9470115}
	EndGlobalSection
EndGlobal
